
Microsoft Visual Studio Solution File, Format Version 12.00
Project("{FAE04EC0-301F-11D3-BF4B-00C04F79EFBC}") = "some_name", "some_name\some_name.csproj", "{284FA469-32A3-4FBD-8938-B714D2F7E42A}"
EndProject
Global
	GlobalSection(SolutionConfigurationPlatforms) = preSolution
		Debug|Any CPU = Debug|Any CPU
		Release|Any CPU = Release|Any CPU
	EndGlobalSection
	GlobalSection(ProjectConfigurationPlatforms) = postSolution
		{284FA469-32A3-4FBD-8938-B714D2F7E42A}.Debug|Any CPU.ActiveCfg = Debug|Any CPU
		{284FA469-32A3-4FBD-8938-B714D2F7E42A}.Debug|Any CPU.Build.0 = Debug|Any CPU
		{284FA469-32A3-4FBD-8938-B714D2F7E42A}.Release|Any CPU.ActiveCfg = Release|Any CPU
		{284FA469-32A3-4FBD-8938-B714D2F7E42A}.Release|Any CPU.Build.0 = Release|Any CPU
	EndGlobalSection
EndGlobal
